
Microsoft Visual Studio Solution File, Format Version 12.00
# Visual Studio Version 17
VisualStudioVersion = 17.6.33801.468
MinimumVisualStudioVersion = 10.0.40219.1
Project("{9A19103F-16F7-4668-BE54-9A1E7A4F7556}") = "DoITTF", "DoITTF\DoITTF.csproj", "{93276EC9-75CF-4B2E-91F1-8EF2C0824720}"
EndProject
Project("{9A19103F-16F7-4668-BE54-9A1E7A4F7556}") = "Lecture10(OperatorOverloading)", "Lecture10(OperatorOverloading)\Lecture10(OperatorOverloading).csproj", "{488BEF99-2714-446E-B68B-7183D9FB6015}"
EndProject
Project("{9A19103F-16F7-4668-BE54-9A1E7A4F7556}") = "ExceptionHandling", "ExceptionHandling\ExceptionHandling.csproj", "{C3C27A48-2368-4F8F-924C-B3735C62CFB2}"
EndProject
Project("{9A19103F-16F7-4668-BE54-9A1E7A4F7556}") = "Generics", "Generics\Generics.csproj", "{F22DC8DF-D5E3-406D-8816-B4553114BD24}"
EndProject
Project("{9A19103F-16F7-4668-BE54-9A1E7A4F7556}") = "GenericCollections", "GenericCollections\GenericCollections.csproj", "{376EF1CF-59DE-49CC-AC9A-1951F901C7F9}"
EndProject
Project("{FAE04EC0-301F-11D3-BF4B-00C04F79EFBC}") = "Delegates", "Delegates\Delegates.csproj", "{C1DE95C7-3356-4175-8937-7257A53BD1F0}"
EndProject
Global
	GlobalSection(SolutionConfigurationPlatforms) = preSolution
		Debug|Any CPU = Debug|Any CPU
		Release|Any CPU = Release|Any CPU
	EndGlobalSection
	GlobalSection(ProjectConfigurationPlatforms) = postSolution
		{93276EC9-75CF-4B2E-91F1-8EF2C0824720}.Debug|Any CPU.ActiveCfg = Debug|Any CPU
		{93276EC9-75CF-4B2E-91F1-8EF2C0824720}.Debug|Any CPU.Build.0 = Debug|Any CPU
		{93276EC9-75CF-4B2E-91F1-8EF2C0824720}.Release|Any CPU.ActiveCfg = Release|Any CPU
		{93276EC9-75CF-4B2E-91F1-8EF2C0824720}.Release|Any CPU.Build.0 = Release|Any CPU
		{488BEF99-2714-446E-B68B-7183D9FB6015}.Debug|Any CPU.ActiveCfg = Debug|Any CPU
		{488BEF99-2714-446E-B68B-7183D9FB6015}.Debug|Any CPU.Build.0 = Debug|Any CPU
		{488BEF99-2714-446E-B68B-7183D9FB6015}.Release|Any CPU.ActiveCfg = Release|Any CPU
		{488BEF99-2714-446E-B68B-7183D9FB6015}.Release|Any CPU.Build.0 = Release|Any CPU
		{C3C27A48-2368-4F8F-924C-B3735C62CFB2}.Debug|Any CPU.ActiveCfg = Debug|Any CPU
		{C3C27A48-2368-4F8F-924C-B3735C62CFB2}.Debug|Any CPU.Build.0 = Debug|Any CPU
		{C3C27A48-2368-4F8F-924C-B3735C62CFB2}.Release|Any CPU.ActiveCfg = Release|Any CPU
		{C3C27A48-2368-4F8F-924C-B3735C62CFB2}.Release|Any CPU.Build.0 = Release|Any CPU
		{F22DC8DF-D5E3-406D-8816-B4553114BD24}.Debug|Any CPU.ActiveCfg = Debug|Any CPU
		{F22DC8DF-D5E3-406D-8816-B4553114BD24}.Debug|Any CPU.Build.0 = Debug|Any CPU
		{F22DC8DF-D5E3-406D-8816-B4553114BD24}.Release|Any CPU.ActiveCfg = Release|Any CPU
		{F22DC8DF-D5E3-406D-8816-B4553114BD24}.Release|Any CPU.Build.0 = Release|Any CPU
		{376EF1CF-59DE-49CC-AC9A-1951F901C7F9}.Debug|Any CPU.ActiveCfg = Debug|Any CPU
		{376EF1CF-59DE-49CC-AC9A-1951F901C7F9}.Debug|Any CPU.Build.0 = Debug|Any CPU
		{376EF1CF-59DE-49CC-AC9A-1951F901C7F9}.Release|Any CPU.ActiveCfg = Release|Any CPU
		{376EF1CF-59DE-49CC-AC9A-1951F901C7F9}.Release|Any CPU.Build.0 = Release|Any CPU
		{C1DE95C7-3356-4175-8937-7257A53BD1F0}.Debug|Any CPU.ActiveCfg = Debug|Any CPU
		{C1DE95C7-3356-4175-8937-7257A53BD1F0}.Debug|Any CPU.Build.0 = Debug|Any CPU
		{C1DE95C7-3356-4175-8937-7257A53BD1F0}.Release|Any CPU.ActiveCfg = Release|Any CPU
		{C1DE95C7-3356-4175-8937-7257A53BD1F0}.Release|Any CPU.Build.0 = Release|Any CPU
	EndGlobalSection
	GlobalSection(SolutionProperties) = preSolution
		HideSolutionNode = FALSE
	EndGlobalSection
	GlobalSection(ExtensibilityGlobals) = postSolution
		SolutionGuid = {D4C3CF27-5AAA-462C-87E2-E477E0B12D92}
	EndGlobalSection
EndGlobal
